
Microsoft Visual Studio Solution File, Format Version 12.00
# Visual Studio Version 17
VisualStudioVersion = 17.9.34723.18
MinimumVisualStudioVersion = 10.0.40219.1
Project("{FAE04EC0-301F-11D3-BF4B-00C04F79EFBC}") = "DDD.Domain", "DDD.Domain\DDD.Domain.csproj", "{49DF91C5-4234-4385-B75A-CD93C8B3D615}"
EndProject
Global
	GlobalSection(SolutionConfigurationPlatforms) = preSolution
		Debug|Any CPU = Debug|Any CPU
		Release|Any CPU = Release|Any CPU
	EndGlobalSection
	GlobalSection(ProjectConfigurationPlatforms) = postSolution
		{49DF91C5-4234-4385-B75A-CD93C8B3D615}.Debug|Any CPU.ActiveCfg = Debug|Any CPU
		{49DF91C5-4234-4385-B75A-CD93C8B3D615}.Debug|Any CPU.Build.0 = Debug|Any CPU
		{49DF91C5-4234-4385-B75A-CD93C8B3D615}.Release|Any CPU.ActiveCfg = Release|Any CPU
		{49DF91C5-4234-4385-B75A-CD93C8B3D615}.Release|Any CPU.Build.0 = Release|Any CPU
	EndGlobalSection
	GlobalSection(SolutionProperties) = preSolution
		HideSolutionNode = FALSE
	EndGlobalSection
	GlobalSection(ExtensibilityGlobals) = postSolution
		SolutionGuid = {425BAF36-B5CB-42BD-A937-B91F8EAC7753}
	EndGlobalSection
EndGlobal
